// !$*UTF8*$!
{
	archiveVersion = 1;
	classes = {
	};
	objectVersion = 56;
	objects = {

/* Begin PBXBuildFile section */
		80B420AFB0F88C6A0785BA11 /* HabitTrackerApp.swift in Sources */ = {isa = PBXBuildFile; fileRef = 04A726344CEDBF946CCEF492 /* HabitTrackerApp.swift */; };
		E1A56607EF65F9E5B9102085 /* Habit.swift in Sources */ = {isa = PBXBuildFile; fileRef = 6BAF3522FAD0AC5C504B3C89 /* Habit.swift */; };
		095C4EFA2F2AA848AF515D14 /* HabitStore.swift in Sources */ = {isa = PBXBuildFile; fileRef = 28DA93B403C0905E721F5CE2 /* HabitStore.swift */; };
		447B24ACB19DD192361CE63D /* DashboardModels.swift in Sources */ = {isa = PBXBuildFile; fileRef = B20F59A1FFF998545046C23F /* DashboardModels.swift */; };
		D11C924F68209F7C7F7EE25B /* DashboardService.swift in Sources */ = {isa = PBXBuildFile; fileRef = CD1EF070BFEDF9937DA70749 /* DashboardService.swift */; };
		EF9F51A78447EE6A19D404FF /* ContentView.swift in Sources */ = {isa = PBXBuildFile; fileRef = 8169323F87A9060C78E716A1 /* ContentView.swift */; };
		EA0FC26B0F44FDD07D917757 /* HabitRowView.swift in Sources */ = {isa = PBXBuildFile; fileRef = AA344CAAA364D285EBB82E2E /* HabitRowView.swift */; };
		F7018D828D6D315E0A1E28BC /* AddHabitView.swift in Sources */ = {isa = PBXBuildFile; fileRef = CBD000EA16374EB5809E087D /* AddHabitView.swift */; };
		476A385AFE19FC20C76CE298 /* DashboardView.swift in Sources */ = {isa = PBXBuildFile; fileRef = 2B2C747D7D9C46125329C90A /* DashboardView.swift */; };
		4B35C5163A64316AD977AE55 /* SettingsView.swift in Sources */ = {isa = PBXBuildFile; fileRef = 041972EF68773C2375EB9CAA /* SettingsView.swift */; };
		C27722F271C3B74192A9A4BD /* RootView.swift in Sources */ = {isa = PBXBuildFile; fileRef = 3A43935BA8253B846F3D5BC7 /* RootView.swift */; };
		8391D63208B7845D168EB772 /* Assets.xcassets in Resources */ = {isa = PBXBuildFile; fileRef = 9BBC8FAB58169CEFF5B26DD7 /* Assets.xcassets */; };
		26D0F2C9FD13DC47F260E108 /* DailyRankingView.swift in Sources */ = {isa = PBXBuildFile; fileRef = C18F958101A86AE5C9949F8E /* DailyRankingView.swift */; };
		C0461A935A2A4709D8E807C6 /* ParticipantDetailView.swift in Sources */ = {isa = PBXBuildFile; fileRef = AC72A14691C2D678E7451749 /* ParticipantDetailView.swift */; };
		B3D60A53103947F80F0948F0 /* GroupSummaryView.swift in Sources */ = {isa = PBXBuildFile; fileRef = F4FB132D2218E0DED32E39F2 /* GroupSummaryView.swift */; };
		798EE2F74F6DE701BF9495CB /* DashboardStyle.swift in Sources */ = {isa = PBXBuildFile; fileRef = 7A151DCA8DBEF6346CE949D6 /* DashboardStyle.swift */; };
		34B4E173462CB2A8921159B7 /* GroupsEditorView.swift in Sources */ = {isa = PBXBuildFile; fileRef = E3853047003BD6F136EAE82B /* GroupsEditorView.swift */; };
		DDF210D72642D31B76AE6D93 /* WeeklyRankingView.swift in Sources */ = {isa = PBXBuildFile; fileRef = 7C1250A6531C70BF32F3BE99 /* WeeklyRankingView.swift */; };
		F5C25E13CA22DE3F3E675A05 /* MonthlyRankingView.swift in Sources */ = {isa = PBXBuildFile; fileRef = 36FA93D8F922DCC7AF0971F1 /* MonthlyRankingView.swift */; };
/* End PBXBuildFile section */

/* Begin PBXFileReference section */
		04A726344CEDBF946CCEF492 /* HabitTrackerApp.swift */ = {isa = PBXFileReference; lastKnownFileType = sourcecode.swift; path = HabitTrackerApp.swift; sourceTree = "<group>"; };
		6BAF3522FAD0AC5C504B3C89 /* Habit.swift */ = {isa = PBXFileReference; lastKnownFileType = sourcecode.swift; path = Habit.swift; sourceTree = "<group>"; };
		28DA93B403C0905E721F5CE2 /* HabitStore.swift */ = {isa = PBXFileReference; lastKnownFileType = sourcecode.swift; path = HabitStore.swift; sourceTree = "<group>"; };
		B20F59A1FFF998545046C23F /* DashboardModels.swift */ = {isa = PBXFileReference; lastKnownFileType = sourcecode.swift; path = DashboardModels.swift; sourceTree = "<group>"; };
		CD1EF070BFEDF9937DA70749 /* DashboardService.swift */ = {isa = PBXFileReference; lastKnownFileType = sourcecode.swift; path = DashboardService.swift; sourceTree = "<group>"; };
		8169323F87A9060C78E716A1 /* ContentView.swift */ = {isa = PBXFileReference; lastKnownFileType = sourcecode.swift; path = ContentView.swift; sourceTree = "<group>"; };
		AA344CAAA364D285EBB82E2E /* HabitRowView.swift */ = {isa = PBXFileReference; lastKnownFileType = sourcecode.swift; path = HabitRowView.swift; sourceTree = "<group>"; };
		CBD000EA16374EB5809E087D /* AddHabitView.swift */ = {isa = PBXFileReference; lastKnownFileType = sourcecode.swift; path = AddHabitView.swift; sourceTree = "<group>"; };
		2B2C747D7D9C46125329C90A /* DashboardView.swift */ = {isa = PBXFileReference; lastKnownFileType = sourcecode.swift; path = DashboardView.swift; sourceTree = "<group>"; };
		041972EF68773C2375EB9CAA /* SettingsView.swift */ = {isa = PBXFileReference; lastKnownFileType = sourcecode.swift; path = SettingsView.swift; sourceTree = "<group>"; };
		3A43935BA8253B846F3D5BC7 /* RootView.swift */ = {isa = PBXFileReference; lastKnownFileType = sourcecode.swift; path = RootView.swift; sourceTree = "<group>"; };
		9BBC8FAB58169CEFF5B26DD7 /* Assets.xcassets */ = {isa = PBXFileReference; lastKnownFileType = folder.assetcatalog; path = Assets.xcassets; sourceTree = "<group>"; };
		C867668D432FF9C63A83FB34 /* HabitTracker.app */ = {isa = PBXFileReference; explicitFileType = wrapper.application; includeInIndex = 0; path = HabitTracker.app; sourceTree = BUILT_PRODUCTS_DIR; };
		C18F958101A86AE5C9949F8E /* DailyRankingView.swift */ = {isa = PBXFileReference; lastKnownFileType = sourcecode.swift; path = DailyRankingView.swift; sourceTree = "<group>"; };
		AC72A14691C2D678E7451749 /* ParticipantDetailView.swift */ = {isa = PBXFileReference; lastKnownFileType = sourcecode.swift; path = ParticipantDetailView.swift; sourceTree = "<group>"; };
		F4FB132D2218E0DED32E39F2 /* GroupSummaryView.swift */ = {isa = PBXFileReference; lastKnownFileType = sourcecode.swift; path = GroupSummaryView.swift; sourceTree = "<group>"; };
		7A151DCA8DBEF6346CE949D6 /* DashboardStyle.swift */ = {isa = PBXFileReference; lastKnownFileType = sourcecode.swift; path = DashboardStyle.swift; sourceTree = "<group>"; };
		E3853047003BD6F136EAE82B /* GroupsEditorView.swift */ = {isa = PBXFileReference; lastKnownFileType = sourcecode.swift; path = GroupsEditorView.swift; sourceTree = "<group>"; };
		7C1250A6531C70BF32F3BE99 /* WeeklyRankingView.swift */ = {isa = PBXFileReference; lastKnownFileType = sourcecode.swift; path = WeeklyRankingView.swift; sourceTree = "<group>"; };
		36FA93D8F922DCC7AF0971F1 /* MonthlyRankingView.swift */ = {isa = PBXFileReference; lastKnownFileType = sourcecode.swift; path = MonthlyRankingView.swift; sourceTree = "<group>"; };
/* End PBXFileReference section */

/* Begin PBXFrameworksBuildPhase section */
		6EF523C6E46160F8EBD0E9D3 /* Frameworks */ = {
			isa = PBXFrameworksBuildPhase;
			buildActionMask = 2147483647;
			files = (
			);
			runOnlyForDeploymentPostprocessing = 0;
		};
/* End PBXFrameworksBuildPhase section */

/* Begin PBXGroup section */
		4BF78A4AB045190264E613DF = {
			isa = PBXGroup;
			children = (
				07A32E8CC11D597076E79F7A /* HabitTracker */,
				34264DC5AD57C216AC6C29D6 /* Products */,
			);
			sourceTree = "<group>";
		};
		34264DC5AD57C216AC6C29D6 /* Products */ = {
			isa = PBXGroup;
			children = (
				C867668D432FF9C63A83FB34 /* HabitTracker.app */,
			);
			name = Products;
			sourceTree = "<group>";
		};
		07A32E8CC11D597076E79F7A /* HabitTracker */ = {
			isa = PBXGroup;
			children = (
				04A726344CEDBF946CCEF492 /* HabitTrackerApp.swift */,
				4277BA503BF8A604756C3BE3 /* Models */,
				D366F5AB0928FE4CD128D0EF /* Views */,
				9BBC8FAB58169CEFF5B26DD7 /* Assets.xcassets */,
			);
			path = HabitTracker;
			sourceTree = "<group>";
		};
		4277BA503BF8A604756C3BE3 /* Models */ = {
			isa = PBXGroup;
			children = (
				6BAF3522FAD0AC5C504B3C89 /* Habit.swift */,
				28DA93B403C0905E721F5CE2 /* HabitStore.swift */,
				B20F59A1FFF998545046C23F /* DashboardModels.swift */,
				CD1EF070BFEDF9937DA70749 /* DashboardService.swift */,
			);
			path = Models;
			sourceTree = "<group>";
		};
		D366F5AB0928FE4CD128D0EF /* Views */ = {
			isa = PBXGroup;
			children = (
				8169323F87A9060C78E716A1 /* ContentView.swift */,
				AA344CAAA364D285EBB82E2E /* HabitRowView.swift */,
				CBD000EA16374EB5809E087D /* AddHabitView.swift */,
				2B2C747D7D9C46125329C90A /* DashboardView.swift */,
				041972EF68773C2375EB9CAA /* SettingsView.swift */,
				3A43935BA8253B846F3D5BC7 /* RootView.swift */,
				717D756C1D3F65F3B4B9D19F /* Dashboard */,
			);
			path = Views;
			sourceTree = "<group>";
		};
		717D756C1D3F65F3B4B9D19F /* Dashboard */ = {
			isa = PBXGroup;
			children = (
				C18F958101A86AE5C9949F8E /* DailyRankingView.swift */,
				AC72A14691C2D678E7451749 /* ParticipantDetailView.swift */,
				F4FB132D2218E0DED32E39F2 /* GroupSummaryView.swift */,
				7A151DCA8DBEF6346CE949D6 /* DashboardStyle.swift */,
				E3853047003BD6F136EAE82B /* GroupsEditorView.swift */,
				7C1250A6531C70BF32F3BE99 /* WeeklyRankingView.swift */,
				36FA93D8F922DCC7AF0971F1 /* MonthlyRankingView.swift */,
			);
			path = Dashboard;
			sourceTree = "<group>";
		};
/* End PBXGroup section */

/* Begin PBXNativeTarget section */
		FCC56C59D1AD8E27B959896D /* HabitTracker */ = {
			isa = PBXNativeTarget;
			buildConfigurationList = D2A385670AA0EB3E26B64065 /* Build configuration list for PBXNativeTarget "HabitTracker" */;
			buildPhases = (
				49ADA9C32D92BE012B38A22C /* Sources */,
				6EF523C6E46160F8EBD0E9D3 /* Frameworks */,
				C45FC04C9E0C4E734613C077 /* Resources */,
			);
			buildRules = (
			);
			dependencies = (
			);
			name = HabitTracker;
			productName = HabitTracker;
			productReference = C867668D432FF9C63A83FB34 /* HabitTracker.app */;
			productType = "com.apple.product-type.application";
		};
/* End PBXNativeTarget section */

/* Begin PBXProject section */
		83BF63D72DE0E66E716CCFB4 /* Project object */ = {
			isa = PBXProject;
			attributes = {
				BuildIndependentTargetsInParallel = 1;
				LastSwiftUpdateCheck = 1520;
				LastUpgradeCheck = 1520;
				TargetAttributes = {
					FCC56C59D1AD8E27B959896D = {
						CreatedOnToolsVersion = 15.2;
					};
				};
			};
			buildConfigurationList = EC6259228FAF1A5A8BDDC723 /* Build configuration list for PBXProject "HabitTracker" */;
			compatibilityVersion = "Xcode 14.0";
			developmentRegion = en;
			hasScannedForEncodings = 0;
			knownRegions = (
				en,
				Base,
			);
			mainGroup = 4BF78A4AB045190264E613DF;
			productRefGroup = 34264DC5AD57C216AC6C29D6 /* Products */;
			projectDirPath = "";
			projectRoot = "";
			targets = (
				FCC56C59D1AD8E27B959896D /* HabitTracker */,
			);
		};
/* End PBXProject section */

/* Begin PBXResourcesBuildPhase section */
		C45FC04C9E0C4E734613C077 /* Resources */ = {
			isa = PBXResourcesBuildPhase;
			buildActionMask = 2147483647;
			files = (
				8391D63208B7845D168EB772 /* Assets.xcassets in Resources */,
			);
			runOnlyForDeploymentPostprocessing = 0;
		};
/* End PBXResourcesBuildPhase section */

/* Begin PBXSourcesBuildPhase section */
		49ADA9C32D92BE012B38A22C /* Sources */ = {
			isa = PBXSourcesBuildPhase;
			buildActionMask = 2147483647;
			files = (
				80B420AFB0F88C6A0785BA11 /* HabitTrackerApp.swift in Sources */,
				E1A56607EF65F9E5B9102085 /* Habit.swift in Sources */,
				095C4EFA2F2AA848AF515D14 /* HabitStore.swift in Sources */,
				447B24ACB19DD192361CE63D /* DashboardModels.swift in Sources */,
				D11C924F68209F7C7F7EE25B /* DashboardService.swift in Sources */,
				EF9F51A78447EE6A19D404FF /* ContentView.swift in Sources */,
				EA0FC26B0F44FDD07D917757 /* HabitRowView.swift in Sources */,
				F7018D828D6D315E0A1E28BC /* AddHabitView.swift in Sources */,
				476A385AFE19FC20C76CE298 /* DashboardView.swift in Sources */,
				4B35C5163A64316AD977AE55 /* SettingsView.swift in Sources */,
				C27722F271C3B74192A9A4BD /* RootView.swift in Sources */,
				26D0F2C9FD13DC47F260E108 /* DailyRankingView.swift in Sources */,
				C0461A935A2A4709D8E807C6 /* ParticipantDetailView.swift in Sources */,
				B3D60A53103947F80F0948F0 /* GroupSummaryView.swift in Sources */,
				798EE2F74F6DE701BF9495CB /* DashboardStyle.swift in Sources */,
				34B4E173462CB2A8921159B7 /* GroupsEditorView.swift in Sources */,
				DDF210D72642D31B76AE6D93 /* WeeklyRankingView.swift in Sources */,
				F5C25E13CA22DE3F3E675A05 /* MonthlyRankingView.swift in Sources */,
			);
			runOnlyForDeploymentPostprocessing = 0;
		};
/* End PBXSourcesBuildPhase section */

/* Begin XCBuildConfiguration section */
		BF78135B6E1B04AC43B96794 /* Debug */ = {
			isa = XCBuildConfiguration;
			buildSettings = {
				ALWAYS_SEARCH_USER_PATHS = NO;
				CLANG_ENABLE_MODULES = YES;
				CLANG_ENABLE_OBJC_ARC = YES;
				CLANG_ENABLE_OBJC_WEAK = YES;
				CLANG_WARN_DOCUMENTATION_COMMENTS = YES;
				COPY_PHASE_STRIP = NO;
				DEBUG_INFORMATION_FORMAT = dwarf;
				ENABLE_STRICT_OBJC_MSGSEND = YES;
				ENABLE_TESTABILITY = YES;
				ENABLE_USER_SCRIPT_SANDBOXING = YES;
				GCC_C_LANGUAGE_STANDARD = gnu17;
				GCC_DYNAMIC_NO_PIC = NO;
				GCC_NO_COMMON_BLOCKS = YES;
				GCC_OPTIMIZATION_LEVEL = 0;
				GCC_PREPROCESSOR_DEFINITIONS = (
					"DEBUG=1",
					"$(inherited)",
				);
				MACOSX_DEPLOYMENT_TARGET = 14.0;
				MTL_ENABLE_DEBUG_INFO = INCLUDE_SOURCE;
				MTL_FAST_MATH = YES;
				ONLY_ACTIVE_ARCH = YES;
				SDKROOT = macosx;
				SWIFT_ACTIVE_COMPILATION_CONDITIONS = DEBUG;
				SWIFT_OPTIMIZATION_LEVEL = "-Onone";
			};
			name = Debug;
		};
		2966C264082A98C1A0A115DC /* Release */ = {
			isa = XCBuildConfiguration;
			buildSettings = {
				ALWAYS_SEARCH_USER_PATHS = NO;
				CLANG_ENABLE_MODULES = YES;
				CLANG_ENABLE_OBJC_ARC = YES;
				CLANG_ENABLE_OBJC_WEAK = YES;
				CLANG_WARN_DOCUMENTATION_COMMENTS = YES;
				COPY_PHASE_STRIP = NO;
				DEBUG_INFORMATION_FORMAT = "dwarf-with-dsym";
				ENABLE_NS_ASSERTIONS = NO;
				ENABLE_STRICT_OBJC_MSGSEND = YES;
				ENABLE_USER_SCRIPT_SANDBOXING = YES;
				GCC_C_LANGUAGE_STANDARD = gnu17;
				GCC_NO_COMMON_BLOCKS = YES;
				MACOSX_DEPLOYMENT_TARGET = 14.0;
				MTL_ENABLE_DEBUG_INFO = NO;
				MTL_FAST_MATH = YES;
				SDKROOT = macosx;
				SWIFT_COMPILATION_MODE = wholemodule;
			};
			name = Release;
		};
		5091ADA7C6AC68DB8E6F8468 /* Debug */ = {
			isa = XCBuildConfiguration;
			buildSettings = {
				ASSETCATALOG_COMPILER_APPICON_NAME = AppIcon;
				ASSETCATALOG_COMPILER_GLOBAL_ACCENT_COLOR_NAME = AccentColor;
				CODE_SIGN_STYLE = Automatic;
				COMBINE_HIDPI_IMAGES = YES;
				CURRENT_PROJECT_VERSION = 1;
				ENABLE_HARDENED_RUNTIME = YES;
				ENABLE_PREVIEWS = YES;
				GENERATE_INFOPLIST_FILE = YES;
				INFOPLIST_KEY_NSHumanReadableCopyright = "";
				LD_RUNPATH_SEARCH_PATHS = (
					"$(inherited)",
					"@executable_path/../Frameworks",
				);
				MARKETING_VERSION = 1.0;
				PRODUCT_BUNDLE_IDENTIFIER = "com.yourname.HabitTracker";
				PRODUCT_NAME = "$(TARGET_NAME)";
				SWIFT_EMIT_LOC_STRINGS = YES;
				SWIFT_VERSION = 5.0;
			};
			name = Debug;
		};
		A79F45CD8908B7410681611A /* Release */ = {
			isa = XCBuildConfiguration;
			buildSettings = {
				ASSETCATALOG_COMPILER_APPICON_NAME = AppIcon;
				ASSETCATALOG_COMPILER_GLOBAL_ACCENT_COLOR_NAME = AccentColor;
				CODE_SIGN_STYLE = Automatic;
				COMBINE_HIDPI_IMAGES = YES;
				CURRENT_PROJECT_VERSION = 1;
				ENABLE_HARDENED_RUNTIME = YES;
				ENABLE_PREVIEWS = YES;
				GENERATE_INFOPLIST_FILE = YES;
				INFOPLIST_KEY_NSHumanReadableCopyright = "";
				LD_RUNPATH_SEARCH_PATHS = (
					"$(inherited)",
					"@executable_path/../Frameworks",
				);
				MARKETING_VERSION = 1.0;
				PRODUCT_BUNDLE_IDENTIFIER = "com.yourname.HabitTracker";
				PRODUCT_NAME = "$(TARGET_NAME)";
				SWIFT_EMIT_LOC_STRINGS = YES;
				SWIFT_VERSION = 5.0;
			};
			name = Release;
		};
/* End XCBuildConfiguration section */

/* Begin XCConfigurationList section */
		EC6259228FAF1A5A8BDDC723 /* Build configuration list for PBXProject "HabitTracker" */ = {
			isa = XCConfigurationList;
			buildConfigurations = (
				BF78135B6E1B04AC43B96794 /* Debug */,
				2966C264082A98C1A0A115DC /* Release */,
			);
			defaultConfigurationIsVisible = 0;
			defaultConfigurationName = Release;
		};
		D2A385670AA0EB3E26B64065 /* Build configuration list for PBXNativeTarget "HabitTracker" */ = {
			isa = XCConfigurationList;
			buildConfigurations = (
				5091ADA7C6AC68DB8E6F8468 /* Debug */,
				A79F45CD8908B7410681611A /* Release */,
			);
			defaultConfigurationIsVisible = 0;
			defaultConfigurationName = Release;
		};
/* End XCConfigurationList section */
	};
	rootObject = 83BF63D72DE0E66E716CCFB4 /* Project object */;
}
